
Microsoft Visual Studio Solution File, Format Version 12.00
# Visual Studio Version 16
VisualStudioVersion = 16.0.30503.244
MinimumVisualStudioVersion = 10.0.40219.1
Project("{8BC9CEB8-8B4A-11D0-8D11-00A0C91BC942}") = "OpenglPractice", "OpenglPractice\OpenglPractice.vcxproj", "{A422E994-A3CC-4B99-8180-DDF2777969D4}"
EndProject
Global
	GlobalSection(SolutionConfigurationPlatforms) = preSolution
		Debug|x64 = Debug|x64
		Debug|x86 = Debug|x86
		Release|x64 = Release|x64
		Release|x86 = Release|x86
	EndGlobalSection
	GlobalSection(ProjectConfigurationPlatforms) = postSolution
		{A422E994-A3CC-4B99-8180-DDF2777969D4}.Debug|x64.ActiveCfg = Debug|x64
		{A422E994-A3CC-4B99-8180-DDF2777969D4}.Debug|x64.Build.0 = Debug|x64
		{A422E994-A3CC-4B99-8180-DDF2777969D4}.Debug|x86.ActiveCfg = Debug|Win32
		{A422E994-A3CC-4B99-8180-DDF2777969D4}.Debug|x86.Build.0 = Debug|Win32
		{A422E994-A3CC-4B99-8180-DDF2777969D4}.Release|x64.ActiveCfg = Release|x64
		{A422E994-A3CC-4B99-8180-DDF2777969D4}.Release|x64.Build.0 = Release|x64
		{A422E994-A3CC-4B99-8180-DDF2777969D4}.Release|x86.ActiveCfg = Release|Win32
		{A422E994-A3CC-4B99-8180-DDF2777969D4}.Release|x86.Build.0 = Release|Win32
	EndGlobalSection
	GlobalSection(SolutionProperties) = preSolution
		HideSolutionNode = FALSE
	EndGlobalSection
	GlobalSection(ExtensibilityGlobals) = postSolution
		SolutionGuid = {2CE158C6-9897-4C4E-A8B3-CAC287DF6B8F}
	EndGlobalSection
EndGlobal
