<?xml version="1.0" encoding="utf-8"?>
<Project ToolsVersion="4.0" xmlns="http://schemas.microsoft.com/developer/msbuild/2003">
  <ItemGroup>
    <Filter Include="Source Files">
      <UniqueIdentifier>{4FC737F1-C7A5-4376-A066-2A32D752A2FF}</UniqueIdentifier>
      <Extensions>cpp;c;cc;cxx;c++;cppm;ixx;def;odl;idl;hpj;bat;asm;asmx</Extensions>
    </Filter>
    <Filter Include="Header Files">
      <UniqueIdentifier>{93995380-89BD-4b04-88EB-625FBE52EBFB}</UniqueIdentifier>
      <Extensions>h;hh;hpp;hxx;h++;hm;inl;inc;ipp;xsd</Extensions>
    </Filter>
    <Filter Include="Resource Files">
      <UniqueIdentifier>{67DA6AB6-F800-4c08-8B7A-83BB121AAD01}</UniqueIdentifier>
      <Extensions>rc;ico;cur;bmp;dlg;rc2;rct;bin;rgs;gif;jpg;jpeg;jpe;resx;tiff;tif;png;wav;mfcribbon-ms</Extensions>
    </Filter>
    <Filter Include="Header Files\External_Libraries">
      <UniqueIdentifier>{a55b388b-8263-4807-baf5-61f8c1e815a7}</UniqueIdentifier>
    </Filter>
    <Filter Include="Header Files\External_Libraries\stb_image">
      <UniqueIdentifier>{80c54a1a-8dd6-49e5-91e8-e4f712aa266e}</UniqueIdentifier>
    </Filter>
    <Filter Include="Header Files\External_Libraries\imgui">
      <UniqueIdentifier>{05782da7-b8ab-47db-972a-a2a9d831e242}</UniqueIdentifier>
    </Filter>
    <Filter Include="Header Files\CGE_Events">
      <UniqueIdentifier>{4e509835-687a-42cc-bbb6-df78d7a8df32}</UniqueIdentifier>
    </Filter>
    <Filter Include="Header Files\Components">
      <UniqueIdentifier>{9200797b-6771-445a-8b59-50b03caec99b}</UniqueIdentifier>
    </Filter>
    <Filter Include="Source Files\Components">
      <UniqueIdentifier>{67bf7dfc-0ca3-49ce-8ef7-7e30531a0c32}</UniqueIdentifier>
    </Filter>
  </ItemGroup>
  <ItemGroup>
    <ClCompile Include="main.cpp">
      <Filter>Source Files</Filter>
    </ClCompile>
    <ClCompile Include="VertexBuffer.cpp">
      <Filter>Source Files</Filter>
    </ClCompile>
    <ClCompile Include="IndexBuffer.cpp">
      <Filter>Source Files</Filter>
    </ClCompile>
    <ClCompile Include="VertexArray.cpp">
      <Filter>Source Files</Filter>
    </ClCompile>
    <ClCompile Include="Shader.cpp">
      <Filter>Source Files</Filter>
    </ClCompile>
    <ClCompile Include="Renderer.cpp">
      <Filter>Source Files</Filter>
    </ClCompile>
    <ClCompile Include="Texture.cpp">
      <Filter>Source Files</Filter>
    </ClCompile>
    <ClCompile Include="stb_image.cpp">
      <Filter>Header Files\External_Libraries\stb_image</Filter>
    </ClCompile>
    <ClCompile Include="..\..\..\..\..\..\OpenGL\includes\imgui\imgui_impl_opengl3.cpp">
      <Filter>Header Files\External_Libraries\imgui</Filter>
    </ClCompile>
    <ClCompile Include="..\..\..\..\..\..\OpenGL\includes\imgui\imgui_tables.cpp">
      <Filter>Header Files\External_Libraries\imgui</Filter>
    </ClCompile>
    <ClCompile Include="..\..\..\..\..\..\OpenGL\includes\imgui\imgui_widgets.cpp">
      <Filter>Header Files\External_Libraries\imgui</Filter>
    </ClCompile>
    <ClCompile Include="..\..\..\..\..\..\OpenGL\includes\imgui\imgui.cpp">
      <Filter>Header Files\External_Libraries\imgui</Filter>
    </ClCompile>
    <ClCompile Include="..\..\..\..\..\..\OpenGL\includes\imgui\imgui_demo.cpp">
      <Filter>Header Files\External_Libraries\imgui</Filter>
    </ClCompile>
    <ClCompile Include="..\..\..\..\..\..\OpenGL\includes\imgui\imgui_draw.cpp">
      <Filter>Header Files\External_Libraries\imgui</Filter>
    </ClCompile>
    <ClCompile Include="..\..\..\..\..\..\OpenGL\includes\imgui\imgui_impl_glfw.cpp">
      <Filter>Header Files\External_Libraries\imgui</Filter>
    </ClCompile>
    <ClCompile Include="Camera.cpp">
      <Filter>Source Files</Filter>
    </ClCompile>
    <ClCompile Include="Transform.cpp">
      <Filter>Source Files</Filter>
    </ClCompile>
    <ClCompile Include="GLFWContext.cpp">
      <Filter>Source Files</Filter>
    </ClCompile>
    <ClCompile Include="CameraTransform.cpp">
      <Filter>Source Files</Filter>
    </ClCompile>
    <ClCompile Include="VertexBufferC.cpp">
      <Filter>Source Files</Filter>
    </ClCompile>
    <ClCompile Include="Mesh.cpp">
      <Filter>Source Files</Filter>
    </ClCompile>
    <ClCompile Include="Model.cpp">
      <Filter>Source Files</Filter>
    </ClCompile>
    <ClCompile Include="Material.cpp">
      <Filter>Source Files</Filter>
    </ClCompile>
    <ClCompile Include="Light.cpp">
      <Filter>Source Files</Filter>
    </ClCompile>
    <ClCompile Include="Component.cpp">
      <Filter>Source Files\Components</Filter>
    </ClCompile>
    <ClCompile Include="RenderModel.cpp">
      <Filter>Source Files\Components</Filter>
    </ClCompile>
    <ClCompile Include="Entity.cpp">
      <Filter>Source Files</Filter>
    </ClCompile>
    <ClCompile Include="Gizmo.cpp">
      <Filter>Source Files</Filter>
    </ClCompile>
  </ItemGroup>
  <ItemGroup>
    <ClInclude Include="VertexBuffer.h">
      <Filter>Header Files</Filter>
    </ClInclude>
    <ClInclude Include="IndexBuffer.h">
      <Filter>Header Files</Filter>
    </ClInclude>
    <ClInclude Include="VertexBufferLayout.h">
      <Filter>Header Files</Filter>
    </ClInclude>
    <ClInclude Include="VertexArray.h">
      <Filter>Header Files</Filter>
    </ClInclude>
    <ClInclude Include="Shader.h">
      <Filter>Header Files</Filter>
    </ClInclude>
    <ClInclude Include="Renderer.h">
      <Filter>Header Files</Filter>
    </ClInclude>
    <ClInclude Include="errorcheck.cpp">
      <Filter>Source Files</Filter>
    </ClInclude>
    <ClInclude Include="errorcheck.h">
      <Filter>Header Files</Filter>
    </ClInclude>
    <ClInclude Include="Texture.h">
      <Filter>Header Files</Filter>
    </ClInclude>
    <ClInclude Include="stb_image.h">
      <Filter>Header Files\External_Libraries\stb_image</Filter>
    </ClInclude>
    <ClInclude Include="Camera.h">
      <Filter>Header Files</Filter>
    </ClInclude>
    <ClInclude Include="Transform.h">
      <Filter>Header Files</Filter>
    </ClInclude>
    <ClInclude Include="Object.h">
      <Filter>Header Files</Filter>
    </ClInclude>
    <ClInclude Include="GLFWContext.h">
      <Filter>Header Files</Filter>
    </ClInclude>
    <ClInclude Include="CameraTransform.h">
      <Filter>Header Files</Filter>
    </ClInclude>
    <ClInclude Include="VertexBufferC.h">
      <Filter>Header Files</Filter>
    </ClInclude>
    <ClInclude Include="Mesh.h">
      <Filter>Header Files</Filter>
    </ClInclude>
    <ClInclude Include="Vertex.h">
      <Filter>Header Files</Filter>
    </ClInclude>
    <ClInclude Include="Model.h">
      <Filter>Header Files</Filter>
    </ClInclude>
    <ClInclude Include="Material.h">
      <Filter>Header Files</Filter>
    </ClInclude>
    <ClInclude Include="Light.h">
      <Filter>Header Files</Filter>
    </ClInclude>
    <ClInclude Include="static_construction.hpp">
      <Filter>Header Files</Filter>
    </ClInclude>
    <ClInclude Include="CE_Macros.h">
      <Filter>Header Files</Filter>
    </ClInclude>
    <ClInclude Include="CGE_Events\EventDispatcher.h">
      <Filter>Header Files\CGE_Events</Filter>
    </ClInclude>
    <ClInclude Include="Entity.h">
      <Filter>Header Files</Filter>
    </ClInclude>
    <ClInclude Include="Component.h">
      <Filter>Header Files\Components</Filter>
    </ClInclude>
    <ClInclude Include="RenderModel.h">
      <Filter>Header Files\Components</Filter>
    </ClInclude>
    <ClInclude Include="Gizmo.h">
      <Filter>Header Files</Filter>
    </ClInclude>
  </ItemGroup>
  <ItemGroup>
    <None Include="MinimalShader.shader">
      <Filter>Resource Files</Filter>
    </None>
    <None Include="PhongShader.shader">
      <Filter>Resource Files</Filter>
    </None>
    <None Include="model.fbx">
      <Filter>Resource Files</Filter>
    </None>
    <None Include="arrow.fbx">
      <Filter>Resource Files</Filter>
    </None>
    <None Include="cube.fbx">
      <Filter>Resource Files</Filter>
    </None>
    <None Include="GSModelShader.shader">
      <Filter>Resource Files</Filter>
    </None>
  </ItemGroup>
  <ItemGroup>
    <Image Include="logo.jpg">
      <Filter>Resource Files</Filter>
    </Image>
    <Image Include="logo_transparent.png">
      <Filter>Resource Files</Filter>
    </Image>
    <Image Include="no_texture.png">
      <Filter>Resource Files</Filter>
    </Image>
  </ItemGroup>
</Project>